Microsoft Visual Studio Solution File, Format Version 12.00
# Visual Studio 2013
VisualStudioVersion = 12.0.21005.1
MinimumVisualStudioVersion = 10.0.40219.1
Project("{FAE04EC0-301F-11D3-BF4B-00C04F79EFBC}") = "Master", "Master\Master.csproj", "{78581B6E-41D2-452F-B28A-30A6C80887C8}"
EndProject
Project("{FAE04EC0-301F-11D3-BF4B-00C04F79EFBC}") = "CommonTypes", "CommonTypes\CommonTypes.csproj", "{DDFD7B0B-AEC6-4ED4-BDD4-8CE212D28158}"
EndProject
Project("{FAE04EC0-301F-11D3-BF4B-00C04F79EFBC}") = "Server", "Server\Server.csproj", "{10814E0A-3901-4218-A466-E7660471CEE6}"
EndProject
Project("{FAE04EC0-301F-11D3-BF4B-00C04F79EFBC}") = "Client", "Client\Client.csproj", "{941DC963-0038-4BFB-ACA4-AA1DCD3D0C86}"
EndProject
Project("{FAE04EC0-301F-11D3-BF4B-00C04F79EFBC}") = "TestsPadint", "PadintTests\TestsPadint.csproj", "{E8D33851-B696-4A19-9640-B32C38F2B09C}"
EndProject
Project("{FAE04EC0-301F-11D3-BF4B-00C04F79EFBC}") = "TestsCrossedLocks", "CrossedLocks\TestsCrossedLocks.csproj", "{6DFF01C7-3EFA-4D9D-BF04-D317B8137D8E}"
EndProject
Project("{FAE04EC0-301F-11D3-BF4B-00C04F79EFBC}") = "TestsRedistribution", "TestsRedistribution\TestsRedistribution.csproj", "{7E0E92B3-61E3-4888-BB13-8CB2CFEF80CD}"
EndProject
Project("{FAE04EC0-301F-11D3-BF4B-00C04F79EFBC}") = "TestsCycle", "TestsCycle\TestsCycle.csproj", "{1DEBFF97-0978-457C-9427-D2F848876F90}"
EndProject
Project("{FAE04EC0-301F-11D3-BF4B-00C04F79EFBC}") = "TestsSampleApp", "TestsSampleApp\TestsSampleApp.csproj", "{2391DC3E-2A07-46B8-999E-15E292E55841}"
EndProject
Project("{FAE04EC0-301F-11D3-BF4B-00C04F79EFBC}") = "TestsServerEntryWithOne", "TestsServerEntryWithOne\TestsServerEntryWithOne.csproj", "{22A36599-72BB-4626-8FC4-38B5374CCC25}"
EndProject
Project("{FAE04EC0-301F-11D3-BF4B-00C04F79EFBC}") = "TestsServerEntryWithTwoFreeze", "TestsServerEntryWithTwoFreeze\TestsServerEntryWithTwoFreeze.csproj", "{C9F90707-A57B-42C8-B9ED-5A9086A0345C}"
EndProject
Project("{FAE04EC0-301F-11D3-BF4B-00C04F79EFBC}") = "TestsServerFailWithTwo", "TestsServerFailWithTwo\TestsServerFailWithTwo.csproj", "{6C7317C1-A493-4B65-A286-2E9758B6C231}"
EndProject
Project("{FAE04EC0-301F-11D3-BF4B-00C04F79EFBC}") = "TestsServerFailWithThree", "TestsServerFailWithThree\TestsServerFailWithThree.csproj", "{DCCCF63F-CF7D-4EC4-8B37-569DA3731F71}"
EndProject
Project("{FAE04EC0-301F-11D3-BF4B-00C04F79EFBC}") = "TestsServerFailCoordinatorCommit", "TestsServerFailCoordinator\TestsServerFailCoordinatorCommit.csproj", "{76EEE902-ACA3-42BD-9CF3-1B49CC1E6964}"
EndProject
Project("{FAE04EC0-301F-11D3-BF4B-00C04F79EFBC}") = "TestsServerFailCoordinatorAbort", "TestsFailCoordinatorAbort\TestsServerFailCoordinatorAbort.csproj", "{11C35A74-E136-4694-8369-0208391B9CB0}"
EndProject
Global
	GlobalSection(SolutionConfigurationPlatforms) = preSolution
		Debug|Any CPU = Debug|Any CPU
		Release|Any CPU = Release|Any CPU
	EndGlobalSection
	GlobalSection(ProjectConfigurationPlatforms) = postSolution
		{78581B6E-41D2-452F-B28A-30A6C80887C8}.Debug|Any CPU.ActiveCfg = Debug|Any CPU
		{78581B6E-41D2-452F-B28A-30A6C80887C8}.Debug|Any CPU.Build.0 = Debug|Any CPU
		{78581B6E-41D2-452F-B28A-30A6C80887C8}.Release|Any CPU.ActiveCfg = Release|Any CPU
		{78581B6E-41D2-452F-B28A-30A6C80887C8}.Release|Any CPU.Build.0 = Release|Any CPU
		{DDFD7B0B-AEC6-4ED4-BDD4-8CE212D28158}.Debug|Any CPU.ActiveCfg = Debug|Any CPU
		{DDFD7B0B-AEC6-4ED4-BDD4-8CE212D28158}.Debug|Any CPU.Build.0 = Debug|Any CPU
		{DDFD7B0B-AEC6-4ED4-BDD4-8CE212D28158}.Release|Any CPU.ActiveCfg = Release|Any CPU
		{DDFD7B0B-AEC6-4ED4-BDD4-8CE212D28158}.Release|Any CPU.Build.0 = Release|Any CPU
		{10814E0A-3901-4218-A466-E7660471CEE6}.Debug|Any CPU.ActiveCfg = Debug|Any CPU
		{10814E0A-3901-4218-A466-E7660471CEE6}.Debug|Any CPU.Build.0 = Debug|Any CPU
		{10814E0A-3901-4218-A466-E7660471CEE6}.Release|Any CPU.ActiveCfg = Release|Any CPU
		{10814E0A-3901-4218-A466-E7660471CEE6}.Release|Any CPU.Build.0 = Release|Any CPU
		{941DC963-0038-4BFB-ACA4-AA1DCD3D0C86}.Debug|Any CPU.ActiveCfg = Debug|Any CPU
		{941DC963-0038-4BFB-ACA4-AA1DCD3D0C86}.Debug|Any CPU.Build.0 = Debug|Any CPU
		{941DC963-0038-4BFB-ACA4-AA1DCD3D0C86}.Release|Any CPU.ActiveCfg = Release|Any CPU
		{941DC963-0038-4BFB-ACA4-AA1DCD3D0C86}.Release|Any CPU.Build.0 = Release|Any CPU
		{E8D33851-B696-4A19-9640-B32C38F2B09C}.Debug|Any CPU.ActiveCfg = Debug|Any CPU
		{E8D33851-B696-4A19-9640-B32C38F2B09C}.Debug|Any CPU.Build.0 = Debug|Any CPU
		{E8D33851-B696-4A19-9640-B32C38F2B09C}.Release|Any CPU.ActiveCfg = Release|Any CPU
		{E8D33851-B696-4A19-9640-B32C38F2B09C}.Release|Any CPU.Build.0 = Release|Any CPU
		{6DFF01C7-3EFA-4D9D-BF04-D317B8137D8E}.Debug|Any CPU.ActiveCfg = Debug|Any CPU
		{6DFF01C7-3EFA-4D9D-BF04-D317B8137D8E}.Debug|Any CPU.Build.0 = Debug|Any CPU
		{6DFF01C7-3EFA-4D9D-BF04-D317B8137D8E}.Release|Any CPU.ActiveCfg = Release|Any CPU
		{6DFF01C7-3EFA-4D9D-BF04-D317B8137D8E}.Release|Any CPU.Build.0 = Release|Any CPU
		{7E0E92B3-61E3-4888-BB13-8CB2CFEF80CD}.Debug|Any CPU.ActiveCfg = Debug|Any CPU
		{7E0E92B3-61E3-4888-BB13-8CB2CFEF80CD}.Debug|Any CPU.Build.0 = Debug|Any CPU
		{7E0E92B3-61E3-4888-BB13-8CB2CFEF80CD}.Release|Any CPU.ActiveCfg = Release|Any CPU
		{7E0E92B3-61E3-4888-BB13-8CB2CFEF80CD}.Release|Any CPU.Build.0 = Release|Any CPU
		{1DEBFF97-0978-457C-9427-D2F848876F90}.Debug|Any CPU.ActiveCfg = Debug|Any CPU
		{1DEBFF97-0978-457C-9427-D2F848876F90}.Debug|Any CPU.Build.0 = Debug|Any CPU
		{1DEBFF97-0978-457C-9427-D2F848876F90}.Release|Any CPU.ActiveCfg = Release|Any CPU
		{1DEBFF97-0978-457C-9427-D2F848876F90}.Release|Any CPU.Build.0 = Release|Any CPU
		{2391DC3E-2A07-46B8-999E-15E292E55841}.Debug|Any CPU.ActiveCfg = Debug|Any CPU
		{2391DC3E-2A07-46B8-999E-15E292E55841}.Debug|Any CPU.Build.0 = Debug|Any CPU
		{2391DC3E-2A07-46B8-999E-15E292E55841}.Release|Any CPU.ActiveCfg = Release|Any CPU
		{2391DC3E-2A07-46B8-999E-15E292E55841}.Release|Any CPU.Build.0 = Release|Any CPU
		{22A36599-72BB-4626-8FC4-38B5374CCC25}.Debug|Any CPU.ActiveCfg = Debug|Any CPU
		{22A36599-72BB-4626-8FC4-38B5374CCC25}.Debug|Any CPU.Build.0 = Debug|Any CPU
		{22A36599-72BB-4626-8FC4-38B5374CCC25}.Release|Any CPU.ActiveCfg = Release|Any CPU
		{22A36599-72BB-4626-8FC4-38B5374CCC25}.Release|Any CPU.Build.0 = Release|Any CPU
		{C9F90707-A57B-42C8-B9ED-5A9086A0345C}.Debug|Any CPU.ActiveCfg = Debug|Any CPU
		{C9F90707-A57B-42C8-B9ED-5A9086A0345C}.Debug|Any CPU.Build.0 = Debug|Any CPU
		{C9F90707-A57B-42C8-B9ED-5A9086A0345C}.Release|Any CPU.ActiveCfg = Release|Any CPU
		{C9F90707-A57B-42C8-B9ED-5A9086A0345C}.Release|Any CPU.Build.0 = Release|Any CPU
		{6C7317C1-A493-4B65-A286-2E9758B6C231}.Debug|Any CPU.ActiveCfg = Debug|Any CPU
		{6C7317C1-A493-4B65-A286-2E9758B6C231}.Debug|Any CPU.Build.0 = Debug|Any CPU
		{6C7317C1-A493-4B65-A286-2E9758B6C231}.Release|Any CPU.ActiveCfg = Release|Any CPU
		{6C7317C1-A493-4B65-A286-2E9758B6C231}.Release|Any CPU.Build.0 = Release|Any CPU
		{DCCCF63F-CF7D-4EC4-8B37-569DA3731F71}.Debug|Any CPU.ActiveCfg = Debug|Any CPU
		{DCCCF63F-CF7D-4EC4-8B37-569DA3731F71}.Debug|Any CPU.Build.0 = Debug|Any CPU
		{DCCCF63F-CF7D-4EC4-8B37-569DA3731F71}.Release|Any CPU.ActiveCfg = Release|Any CPU
		{DCCCF63F-CF7D-4EC4-8B37-569DA3731F71}.Release|Any CPU.Build.0 = Release|Any CPU
		{76EEE902-ACA3-42BD-9CF3-1B49CC1E6964}.Debug|Any CPU.ActiveCfg = Debug|Any CPU
		{76EEE902-ACA3-42BD-9CF3-1B49CC1E6964}.Debug|Any CPU.Build.0 = Debug|Any CPU
		{76EEE902-ACA3-42BD-9CF3-1B49CC1E6964}.Release|Any CPU.ActiveCfg = Release|Any CPU
		{76EEE902-ACA3-42BD-9CF3-1B49CC1E6964}.Release|Any CPU.Build.0 = Release|Any CPU
		{11C35A74-E136-4694-8369-0208391B9CB0}.Debug|Any CPU.ActiveCfg = Debug|Any CPU
		{11C35A74-E136-4694-8369-0208391B9CB0}.Debug|Any CPU.Build.0 = Debug|Any CPU
		{11C35A74-E136-4694-8369-0208391B9CB0}.Release|Any CPU.ActiveCfg = Release|Any CPU
		{11C35A74-E136-4694-8369-0208391B9CB0}.Release|Any CPU.Build.0 = Release|Any CPU
	EndGlobalSection
	GlobalSection(SolutionProperties) = preSolution
		HideSolutionNode = FALSE
	EndGlobalSection
EndGlobal
